
Microsoft Visual Studio Solution File, Format Version 12.00
# Visual Studio 15
Project("{FAE04EC0-301F-11D3-BF4B-00C04F79EFBC}") = "Facebook.Wit.Conduit", "Facebook.Wit.Conduit.csproj", "{272490EA-B467-921A-0578-DB37A06F0C32}"
EndProject
Project("{FAE04EC0-301F-11D3-BF4B-00C04F79EFBC}") = "Oculus.Platform", "Oculus.Platform.csproj", "{98A0296A-5048-C515-7E6E-7FF3D7F2725C}"
EndProject
Project("{FAE04EC0-301F-11D3-BF4B-00C04F79EFBC}") = "Assembly-CSharp", "Assembly-CSharp.csproj", "{6E71233E-13AE-707B-B2B0-BD6AA2546180}"
EndProject
Project("{FAE04EC0-301F-11D3-BF4B-00C04F79EFBC}") = "Oculus.Spatializer", "Oculus.Spatializer.csproj", "{6903E095-B2C1-685C-B482-F791CC90A06C}"
EndProject
Project("{FAE04EC0-301F-11D3-BF4B-00C04F79EFBC}") = "Oculus.Interaction", "Oculus.Interaction.csproj", "{6AC11FD7-6DD4-6E27-7F2E-CF6C5A097D41}"
EndProject
Project("{FAE04EC0-301F-11D3-BF4B-00C04F79EFBC}") = "Facebook.WitAI", "Facebook.WitAI.csproj", "{DB61B6A7-0D7A-8DBD-642C-F82EB4C598BA}"
EndProject
Project("{FAE04EC0-301F-11D3-BF4B-00C04F79EFBC}") = "Oculus.VR", "Oculus.VR.csproj", "{3C42A836-D559-7365-1CFC-A57795D3F2AB}"
EndProject
Project("{FAE04EC0-301F-11D3-BF4B-00C04F79EFBC}") = "Oculus.Interaction.Samples", "Oculus.Interaction.Samples.csproj", "{34EDBF40-7F4E-D391-8CA6-C1CD271B4588}"
EndProject
Project("{FAE04EC0-301F-11D3-BF4B-00C04F79EFBC}") = "VoiceSDK.Dictation.Runtime", "VoiceSDK.Dictation.Runtime.csproj", "{44998BE8-6BF5-A129-AA22-3B900B1B5560}"
EndProject
Project("{FAE04EC0-301F-11D3-BF4B-00C04F79EFBC}") = "Facebook.Wit.TTS", "Facebook.Wit.TTS.csproj", "{172FA924-F762-E9FB-6A6D-C79C5C84C6E8}"
EndProject
Project("{FAE04EC0-301F-11D3-BF4B-00C04F79EFBC}") = "Oculus.AudioManager", "Oculus.AudioManager.csproj", "{9E1D4002-7635-F815-D681-B41EE56084D7}"
EndProject
Project("{FAE04EC0-301F-11D3-BF4B-00C04F79EFBC}") = "VoiceSDK.Runtime", "VoiceSDK.Runtime.csproj", "{382D1CDD-2426-5A63-12D2-A8B2FF55674F}"
EndProject
Project("{FAE04EC0-301F-11D3-BF4B-00C04F79EFBC}") = "Facebook.Wit.Dictation", "Facebook.Wit.Dictation.csproj", "{9F32AFD8-F3A8-4169-394F-225376863CE0}"
EndProject
Project("{FAE04EC0-301F-11D3-BF4B-00C04F79EFBC}") = "Oculus.Voice.Demo", "Oculus.Voice.Demo.csproj", "{CE622819-2819-30C4-EC90-CE28D705E8D9}"
EndProject
Project("{FAE04EC0-301F-11D3-BF4B-00C04F79EFBC}") = "AssistantCoreSDKRuntime", "AssistantCoreSDKRuntime.csproj", "{A2319142-B77B-E93C-91E6-1F328FAEDBDF}"
EndProject
Project("{FAE04EC0-301F-11D3-BF4B-00C04F79EFBC}") = "LitJson", "LitJson.csproj", "{EEDEB49B-45E6-B91E-AD47-84AE04CBF7E2}"
EndProject
Project("{FAE04EC0-301F-11D3-BF4B-00C04F79EFBC}") = "Oculus.LipSync", "Oculus.LipSync.csproj", "{D522E7F0-6549-8A04-E1D8-67353B0707C7}"
EndProject
Project("{FAE04EC0-301F-11D3-BF4B-00C04F79EFBC}") = "Facebook.Wit.TTS.Samples", "Facebook.Wit.TTS.Samples.csproj", "{6701E98F-208A-CF58-3F78-71D25D5C85F7}"
EndProject
Project("{FAE04EC0-301F-11D3-BF4B-00C04F79EFBC}") = "Facebook.Wit.Editor", "Facebook.Wit.Editor.csproj", "{B4F50E6E-FA81-FF9E-D244-BB939C06DD2A}"
EndProject
Project("{FAE04EC0-301F-11D3-BF4B-00C04F79EFBC}") = "Oculus.Interaction.Editor", "Oculus.Interaction.Editor.csproj", "{284629E4-F817-C315-8B86-6D0C885B930E}"
EndProject
Project("{FAE04EC0-301F-11D3-BF4B-00C04F79EFBC}") = "Facebook.Wit.Conduit.Editor", "Facebook.Wit.Conduit.Editor.csproj", "{3742E27B-99C6-43AB-25D1-F965C289ED3E}"
EndProject
Project("{FAE04EC0-301F-11D3-BF4B-00C04F79EFBC}") = "Assembly-CSharp-Editor", "Assembly-CSharp-Editor.csproj", "{179D6073-49AA-C942-34DC-85091E40DE13}"
EndProject
Project("{FAE04EC0-301F-11D3-BF4B-00C04F79EFBC}") = "Oculus.Interaction.Samples.Editor", "Oculus.Interaction.Samples.Editor.csproj", "{6BC71664-7225-37C3-B1A7-6899D269386F}"
EndProject
Project("{FAE04EC0-301F-11D3-BF4B-00C04F79EFBC}") = "Oculus.VR.Editor", "Oculus.VR.Editor.csproj", "{6F6FD08B-3E2A-694F-0A40-448D47B6DA32}"
EndProject
Project("{FAE04EC0-301F-11D3-BF4B-00C04F79EFBC}") = "VoiceSDK.Editor", "VoiceSDK.Editor.csproj", "{18426874-7CB0-316C-2623-20AACF8F04CD}"
EndProject
Project("{FAE04EC0-301F-11D3-BF4B-00C04F79EFBC}") = "Facebook.Wit.TTS.Editor", "Facebook.Wit.TTS.Editor.csproj", "{56D97636-9AD5-154B-1FEB-E64FFEDEA182}"
EndProject
Project("{FAE04EC0-301F-11D3-BF4B-00C04F79EFBC}") = "VoiceSDK.Dictation.Editor", "VoiceSDK.Dictation.Editor.csproj", "{907F866A-9C8A-3727-2C62-FE49640580B0}"
EndProject
Project("{FAE04EC0-301F-11D3-BF4B-00C04F79EFBC}") = "Oculus.Platform.Editor", "Oculus.Platform.Editor.csproj", "{C3C9B028-0717-D81F-5358-19339AC189AD}"
EndProject
Project("{FAE04EC0-301F-11D3-BF4B-00C04F79EFBC}") = "Oculus.Spatializer.Editor", "Oculus.Spatializer.Editor.csproj", "{8090C892-B92C-8C8D-DC71-6C52FDDD5D7F}"
EndProject
Project("{FAE04EC0-301F-11D3-BF4B-00C04F79EFBC}") = "Oculus.AudioManager.Audio.Editor", "Oculus.AudioManager.Audio.Editor.csproj", "{5B3A808C-A0DA-BF7F-6FE7-7BF2A877A2CB}"
EndProject
Project("{FAE04EC0-301F-11D3-BF4B-00C04F79EFBC}") = "Oculus.Interaction.InterfaceSupport", "Oculus.Interaction.InterfaceSupport.csproj", "{2D83023E-E0F9-4E6E-958B-E92CCC91C33C}"
EndProject
Project("{FAE04EC0-301F-11D3-BF4B-00C04F79EFBC}") = "Oculus.VR.Scripts.Editor", "Oculus.VR.Scripts.Editor.csproj", "{6CEE9CBD-D9B8-82B0-1D5E-1C502955AE56}"
EndProject
Project("{FAE04EC0-301F-11D3-BF4B-00C04F79EFBC}") = "Oculus.LipSync.Editor", "Oculus.LipSync.Editor.csproj", "{BE637C95-057B-1D30-BCDC-BB34FC7E1643}"
EndProject
Project("{FAE04EC0-301F-11D3-BF4B-00C04F79EFBC}") = "AssistantCoreSDKEditor", "AssistantCoreSDKEditor.csproj", "{32DF444C-9C53-6A97-4ECA-573961E690A2}"
EndProject
Project("{FAE04EC0-301F-11D3-BF4B-00C04F79EFBC}") = "Oculus.AudioManager.Utils.Editor", "Oculus.AudioManager.Utils.Editor.csproj", "{161A3B53-E69F-56DF-3793-7D1946D3319F}"
EndProject
Global
	GlobalSection(SolutionConfigurationPlatforms) = preSolution
		Debug|Any CPU = Debug|Any CPU
		Release|Any CPU = Release|Any CPU
	EndGlobalSection
	GlobalSection(ProjectConfigurationPlatforms) = postSolution
		{272490EA-B467-921A-0578-DB37A06F0C32}.Debug|Any CPU.ActiveCfg = Debug|Any CPU
		{272490EA-B467-921A-0578-DB37A06F0C32}.Debug|Any CPU.Build.0 = Debug|Any CPU
		{272490EA-B467-921A-0578-DB37A06F0C32}.Release|Any CPU.ActiveCfg = Release|Any CPU
		{272490EA-B467-921A-0578-DB37A06F0C32}.Release|Any CPU.Build.0 = Release|Any CPU
		{98A0296A-5048-C515-7E6E-7FF3D7F2725C}.Debug|Any CPU.ActiveCfg = Debug|Any CPU
		{98A0296A-5048-C515-7E6E-7FF3D7F2725C}.Debug|Any CPU.Build.0 = Debug|Any CPU
		{98A0296A-5048-C515-7E6E-7FF3D7F2725C}.Release|Any CPU.ActiveCfg = Release|Any CPU
		{98A0296A-5048-C515-7E6E-7FF3D7F2725C}.Release|Any CPU.Build.0 = Release|Any CPU
		{6E71233E-13AE-707B-B2B0-BD6AA2546180}.Debug|Any CPU.ActiveCfg = Debug|Any CPU
		{6E71233E-13AE-707B-B2B0-BD6AA2546180}.Debug|Any CPU.Build.0 = Debug|Any CPU
		{6E71233E-13AE-707B-B2B0-BD6AA2546180}.Release|Any CPU.ActiveCfg = Release|Any CPU
		{6E71233E-13AE-707B-B2B0-BD6AA2546180}.Release|Any CPU.Build.0 = Release|Any CPU
		{6903E095-B2C1-685C-B482-F791CC90A06C}.Debug|Any CPU.ActiveCfg = Debug|Any CPU
		{6903E095-B2C1-685C-B482-F791CC90A06C}.Debug|Any CPU.Build.0 = Debug|Any CPU
		{6903E095-B2C1-685C-B482-F791CC90A06C}.Release|Any CPU.ActiveCfg = Release|Any CPU
		{6903E095-B2C1-685C-B482-F791CC90A06C}.Release|Any CPU.Build.0 = Release|Any CPU
		{6AC11FD7-6DD4-6E27-7F2E-CF6C5A097D41}.Debug|Any CPU.ActiveCfg = Debug|Any CPU
		{6AC11FD7-6DD4-6E27-7F2E-CF6C5A097D41}.Debug|Any CPU.Build.0 = Debug|Any CPU
		{6AC11FD7-6DD4-6E27-7F2E-CF6C5A097D41}.Release|Any CPU.ActiveCfg = Release|Any CPU
		{6AC11FD7-6DD4-6E27-7F2E-CF6C5A097D41}.Release|Any CPU.Build.0 = Release|Any CPU
		{DB61B6A7-0D7A-8DBD-642C-F82EB4C598BA}.Debug|Any CPU.ActiveCfg = Debug|Any CPU
		{DB61B6A7-0D7A-8DBD-642C-F82EB4C598BA}.Debug|Any CPU.Build.0 = Debug|Any CPU
		{DB61B6A7-0D7A-8DBD-642C-F82EB4C598BA}.Release|Any CPU.ActiveCfg = Release|Any CPU
		{DB61B6A7-0D7A-8DBD-642C-F82EB4C598BA}.Release|Any CPU.Build.0 = Release|Any CPU
		{3C42A836-D559-7365-1CFC-A57795D3F2AB}.Debug|Any CPU.ActiveCfg = Debug|Any CPU
		{3C42A836-D559-7365-1CFC-A57795D3F2AB}.Debug|Any CPU.Build.0 = Debug|Any CPU
		{3C42A836-D559-7365-1CFC-A57795D3F2AB}.Release|Any CPU.ActiveCfg = Release|Any CPU
		{3C42A836-D559-7365-1CFC-A57795D3F2AB}.Release|Any CPU.Build.0 = Release|Any CPU
		{34EDBF40-7F4E-D391-8CA6-C1CD271B4588}.Debug|Any CPU.ActiveCfg = Debug|Any CPU
		{34EDBF40-7F4E-D391-8CA6-C1CD271B4588}.Debug|Any CPU.Build.0 = Debug|Any CPU
		{34EDBF40-7F4E-D391-8CA6-C1CD271B4588}.Release|Any CPU.ActiveCfg = Release|Any CPU
		{34EDBF40-7F4E-D391-8CA6-C1CD271B4588}.Release|Any CPU.Build.0 = Release|Any CPU
		{44998BE8-6BF5-A129-AA22-3B900B1B5560}.Debug|Any CPU.ActiveCfg = Debug|Any CPU
		{44998BE8-6BF5-A129-AA22-3B900B1B5560}.Debug|Any CPU.Build.0 = Debug|Any CPU
		{44998BE8-6BF5-A129-AA22-3B900B1B5560}.Release|Any CPU.ActiveCfg = Release|Any CPU
		{44998BE8-6BF5-A129-AA22-3B900B1B5560}.Release|Any CPU.Build.0 = Release|Any CPU
		{172FA924-F762-E9FB-6A6D-C79C5C84C6E8}.Debug|Any CPU.ActiveCfg = Debug|Any CPU
		{172FA924-F762-E9FB-6A6D-C79C5C84C6E8}.Debug|Any CPU.Build.0 = Debug|Any CPU
		{172FA924-F762-E9FB-6A6D-C79C5C84C6E8}.Release|Any CPU.ActiveCfg = Release|Any CPU
		{172FA924-F762-E9FB-6A6D-C79C5C84C6E8}.Release|Any CPU.Build.0 = Release|Any CPU
		{9E1D4002-7635-F815-D681-B41EE56084D7}.Debug|Any CPU.ActiveCfg = Debug|Any CPU
		{9E1D4002-7635-F815-D681-B41EE56084D7}.Debug|Any CPU.Build.0 = Debug|Any CPU
		{9E1D4002-7635-F815-D681-B41EE56084D7}.Release|Any CPU.ActiveCfg = Release|Any CPU
		{9E1D4002-7635-F815-D681-B41EE56084D7}.Release|Any CPU.Build.0 = Release|Any CPU
		{382D1CDD-2426-5A63-12D2-A8B2FF55674F}.Debug|Any CPU.ActiveCfg = Debug|Any CPU
		{382D1CDD-2426-5A63-12D2-A8B2FF55674F}.Debug|Any CPU.Build.0 = Debug|Any CPU
		{382D1CDD-2426-5A63-12D2-A8B2FF55674F}.Release|Any CPU.ActiveCfg = Release|Any CPU
		{382D1CDD-2426-5A63-12D2-A8B2FF55674F}.Release|Any CPU.Build.0 = Release|Any CPU
		{9F32AFD8-F3A8-4169-394F-225376863CE0}.Debug|Any CPU.ActiveCfg = Debug|Any CPU
		{9F32AFD8-F3A8-4169-394F-225376863CE0}.Debug|Any CPU.Build.0 = Debug|Any CPU
		{9F32AFD8-F3A8-4169-394F-225376863CE0}.Release|Any CPU.ActiveCfg = Release|Any CPU
		{9F32AFD8-F3A8-4169-394F-225376863CE0}.Release|Any CPU.Build.0 = Release|Any CPU
		{CE622819-2819-30C4-EC90-CE28D705E8D9}.Debug|Any CPU.ActiveCfg = Debug|Any CPU
		{CE622819-2819-30C4-EC90-CE28D705E8D9}.Debug|Any CPU.Build.0 = Debug|Any CPU
		{CE622819-2819-30C4-EC90-CE28D705E8D9}.Release|Any CPU.ActiveCfg = Release|Any CPU
		{CE622819-2819-30C4-EC90-CE28D705E8D9}.Release|Any CPU.Build.0 = Release|Any CPU
		{A2319142-B77B-E93C-91E6-1F328FAEDBDF}.Debug|Any CPU.ActiveCfg = Debug|Any CPU
		{A2319142-B77B-E93C-91E6-1F328FAEDBDF}.Debug|Any CPU.Build.0 = Debug|Any CPU
		{A2319142-B77B-E93C-91E6-1F328FAEDBDF}.Release|Any CPU.ActiveCfg = Release|Any CPU
		{A2319142-B77B-E93C-91E6-1F328FAEDBDF}.Release|Any CPU.Build.0 = Release|Any CPU
		{EEDEB49B-45E6-B91E-AD47-84AE04CBF7E2}.Debug|Any CPU.ActiveCfg = Debug|Any CPU
		{EEDEB49B-45E6-B91E-AD47-84AE04CBF7E2}.Debug|Any CPU.Build.0 = Debug|Any CPU
		{EEDEB49B-45E6-B91E-AD47-84AE04CBF7E2}.Release|Any CPU.ActiveCfg = Release|Any CPU
		{EEDEB49B-45E6-B91E-AD47-84AE04CBF7E2}.Release|Any CPU.Build.0 = Release|Any CPU
		{D522E7F0-6549-8A04-E1D8-67353B0707C7}.Debug|Any CPU.ActiveCfg = Debug|Any CPU
		{D522E7F0-6549-8A04-E1D8-67353B0707C7}.Debug|Any CPU.Build.0 = Debug|Any CPU
		{D522E7F0-6549-8A04-E1D8-67353B0707C7}.Release|Any CPU.ActiveCfg = Release|Any CPU
		{D522E7F0-6549-8A04-E1D8-67353B0707C7}.Release|Any CPU.Build.0 = Release|Any CPU
		{6701E98F-208A-CF58-3F78-71D25D5C85F7}.Debug|Any CPU.ActiveCfg = Debug|Any CPU
		{6701E98F-208A-CF58-3F78-71D25D5C85F7}.Debug|Any CPU.Build.0 = Debug|Any CPU
		{6701E98F-208A-CF58-3F78-71D25D5C85F7}.Release|Any CPU.ActiveCfg = Release|Any CPU
		{6701E98F-208A-CF58-3F78-71D25D5C85F7}.Release|Any CPU.Build.0 = Release|Any CPU
		{B4F50E6E-FA81-FF9E-D244-BB939C06DD2A}.Debug|Any CPU.ActiveCfg = Debug|Any CPU
		{B4F50E6E-FA81-FF9E-D244-BB939C06DD2A}.Debug|Any CPU.Build.0 = Debug|Any CPU
		{B4F50E6E-FA81-FF9E-D244-BB939C06DD2A}.Release|Any CPU.ActiveCfg = Release|Any CPU
		{B4F50E6E-FA81-FF9E-D244-BB939C06DD2A}.Release|Any CPU.Build.0 = Release|Any CPU
		{284629E4-F817-C315-8B86-6D0C885B930E}.Debug|Any CPU.ActiveCfg = Debug|Any CPU
		{284629E4-F817-C315-8B86-6D0C885B930E}.Debug|Any CPU.Build.0 = Debug|Any CPU
		{284629E4-F817-C315-8B86-6D0C885B930E}.Release|Any CPU.ActiveCfg = Release|Any CPU
		{284629E4-F817-C315-8B86-6D0C885B930E}.Release|Any CPU.Build.0 = Release|Any CPU
		{3742E27B-99C6-43AB-25D1-F965C289ED3E}.Debug|Any CPU.ActiveCfg = Debug|Any CPU
		{3742E27B-99C6-43AB-25D1-F965C289ED3E}.Debug|Any CPU.Build.0 = Debug|Any CPU
		{3742E27B-99C6-43AB-25D1-F965C289ED3E}.Release|Any CPU.ActiveCfg = Release|Any CPU
		{3742E27B-99C6-43AB-25D1-F965C289ED3E}.Release|Any CPU.Build.0 = Release|Any CPU
		{179D6073-49AA-C942-34DC-85091E40DE13}.Debug|Any CPU.ActiveCfg = Debug|Any CPU
		{179D6073-49AA-C942-34DC-85091E40DE13}.Debug|Any CPU.Build.0 = Debug|Any CPU
		{179D6073-49AA-C942-34DC-85091E40DE13}.Release|Any CPU.ActiveCfg = Release|Any CPU
		{179D6073-49AA-C942-34DC-85091E40DE13}.Release|Any CPU.Build.0 = Release|Any CPU
		{6BC71664-7225-37C3-B1A7-6899D269386F}.Debug|Any CPU.ActiveCfg = Debug|Any CPU
		{6BC71664-7225-37C3-B1A7-6899D269386F}.Debug|Any CPU.Build.0 = Debug|Any CPU
		{6BC71664-7225-37C3-B1A7-6899D269386F}.Release|Any CPU.ActiveCfg = Release|Any CPU
		{6BC71664-7225-37C3-B1A7-6899D269386F}.Release|Any CPU.Build.0 = Release|Any CPU
		{6F6FD08B-3E2A-694F-0A40-448D47B6DA32}.Debug|Any CPU.ActiveCfg = Debug|Any CPU
		{6F6FD08B-3E2A-694F-0A40-448D47B6DA32}.Debug|Any CPU.Build.0 = Debug|Any CPU
		{6F6FD08B-3E2A-694F-0A40-448D47B6DA32}.Release|Any CPU.ActiveCfg = Release|Any CPU
		{6F6FD08B-3E2A-694F-0A40-448D47B6DA32}.Release|Any CPU.Build.0 = Release|Any CPU
		{18426874-7CB0-316C-2623-20AACF8F04CD}.Debug|Any CPU.ActiveCfg = Debug|Any CPU
		{18426874-7CB0-316C-2623-20AACF8F04CD}.Debug|Any CPU.Build.0 = Debug|Any CPU
		{18426874-7CB0-316C-2623-20AACF8F04CD}.Release|Any CPU.ActiveCfg = Release|Any CPU
		{18426874-7CB0-316C-2623-20AACF8F04CD}.Release|Any CPU.Build.0 = Release|Any CPU
		{56D97636-9AD5-154B-1FEB-E64FFEDEA182}.Debug|Any CPU.ActiveCfg = Debug|Any CPU
		{56D97636-9AD5-154B-1FEB-E64FFEDEA182}.Debug|Any CPU.Build.0 = Debug|Any CPU
		{56D97636-9AD5-154B-1FEB-E64FFEDEA182}.Release|Any CPU.ActiveCfg = Release|Any CPU
		{56D97636-9AD5-154B-1FEB-E64FFEDEA182}.Release|Any CPU.Build.0 = Release|Any CPU
		{907F866A-9C8A-3727-2C62-FE49640580B0}.Debug|Any CPU.ActiveCfg = Debug|Any CPU
		{907F866A-9C8A-3727-2C62-FE49640580B0}.Debug|Any CPU.Build.0 = Debug|Any CPU
		{907F866A-9C8A-3727-2C62-FE49640580B0}.Release|Any CPU.ActiveCfg = Release|Any CPU
		{907F866A-9C8A-3727-2C62-FE49640580B0}.Release|Any CPU.Build.0 = Release|Any CPU
		{C3C9B028-0717-D81F-5358-19339AC189AD}.Debug|Any CPU.ActiveCfg = Debug|Any CPU
		{C3C9B028-0717-D81F-5358-19339AC189AD}.Debug|Any CPU.Build.0 = Debug|Any CPU
		{C3C9B028-0717-D81F-5358-19339AC189AD}.Release|Any CPU.ActiveCfg = Release|Any CPU
		{C3C9B028-0717-D81F-5358-19339AC189AD}.Release|Any CPU.Build.0 = Release|Any CPU
		{8090C892-B92C-8C8D-DC71-6C52FDDD5D7F}.Debug|Any CPU.ActiveCfg = Debug|Any CPU
		{8090C892-B92C-8C8D-DC71-6C52FDDD5D7F}.Debug|Any CPU.Build.0 = Debug|Any CPU
		{8090C892-B92C-8C8D-DC71-6C52FDDD5D7F}.Release|Any CPU.ActiveCfg = Release|Any CPU
		{8090C892-B92C-8C8D-DC71-6C52FDDD5D7F}.Release|Any CPU.Build.0 = Release|Any CPU
		{5B3A808C-A0DA-BF7F-6FE7-7BF2A877A2CB}.Debug|Any CPU.ActiveCfg = Debug|Any CPU
		{5B3A808C-A0DA-BF7F-6FE7-7BF2A877A2CB}.Debug|Any CPU.Build.0 = Debug|Any CPU
		{5B3A808C-A0DA-BF7F-6FE7-7BF2A877A2CB}.Release|Any CPU.ActiveCfg = Release|Any CPU
		{5B3A808C-A0DA-BF7F-6FE7-7BF2A877A2CB}.Release|Any CPU.Build.0 = Release|Any CPU
		{2D83023E-E0F9-4E6E-958B-E92CCC91C33C}.Debug|Any CPU.ActiveCfg = Debug|Any CPU
		{2D83023E-E0F9-4E6E-958B-E92CCC91C33C}.Debug|Any CPU.Build.0 = Debug|Any CPU
		{2D83023E-E0F9-4E6E-958B-E92CCC91C33C}.Release|Any CPU.ActiveCfg = Release|Any CPU
		{2D83023E-E0F9-4E6E-958B-E92CCC91C33C}.Release|Any CPU.Build.0 = Release|Any CPU
		{6CEE9CBD-D9B8-82B0-1D5E-1C502955AE56}.Debug|Any CPU.ActiveCfg = Debug|Any CPU
		{6CEE9CBD-D9B8-82B0-1D5E-1C502955AE56}.Debug|Any CPU.Build.0 = Debug|Any CPU
		{6CEE9CBD-D9B8-82B0-1D5E-1C502955AE56}.Release|Any CPU.ActiveCfg = Release|Any CPU
		{6CEE9CBD-D9B8-82B0-1D5E-1C502955AE56}.Release|Any CPU.Build.0 = Release|Any CPU
		{BE637C95-057B-1D30-BCDC-BB34FC7E1643}.Debug|Any CPU.ActiveCfg = Debug|Any CPU
		{BE637C95-057B-1D30-BCDC-BB34FC7E1643}.Debug|Any CPU.Build.0 = Debug|Any CPU
		{BE637C95-057B-1D30-BCDC-BB34FC7E1643}.Release|Any CPU.ActiveCfg = Release|Any CPU
		{BE637C95-057B-1D30-BCDC-BB34FC7E1643}.Release|Any CPU.Build.0 = Release|Any CPU
		{32DF444C-9C53-6A97-4ECA-573961E690A2}.Debug|Any CPU.ActiveCfg = Debug|Any CPU
		{32DF444C-9C53-6A97-4ECA-573961E690A2}.Debug|Any CPU.Build.0 = Debug|Any CPU
		{32DF444C-9C53-6A97-4ECA-573961E690A2}.Release|Any CPU.ActiveCfg = Release|Any CPU
		{32DF444C-9C53-6A97-4ECA-573961E690A2}.Release|Any CPU.Build.0 = Release|Any CPU
		{161A3B53-E69F-56DF-3793-7D1946D3319F}.Debug|Any CPU.ActiveCfg = Debug|Any CPU
		{161A3B53-E69F-56DF-3793-7D1946D3319F}.Debug|Any CPU.Build.0 = Debug|Any CPU
		{161A3B53-E69F-56DF-3793-7D1946D3319F}.Release|Any CPU.ActiveCfg = Release|Any CPU
		{161A3B53-E69F-56DF-3793-7D1946D3319F}.Release|Any CPU.Build.0 = Release|Any CPU
	EndGlobalSection
	GlobalSection(SolutionProperties) = preSolution
		HideSolutionNode = FALSE
	EndGlobalSection
EndGlobal
