
Microsoft Visual Studio Solution File, Format Version 12.00
# Visual Studio 15
Project("{FAE04EC0-301F-11D3-BF4B-00C04F79EFBC}") = "Facebook.Wit.Conduit", "Facebook.Wit.Conduit.csproj", "{DAA2331D-F0B7-6C5B-A9D1-59EE6A0E4470}"
EndProject
Project("{FAE04EC0-301F-11D3-BF4B-00C04F79EFBC}") = "Oculus.Platform", "Oculus.Platform.csproj", "{1C34E3BF-6E65-2837-8688-B39E5C2D502C}"
EndProject
Project("{FAE04EC0-301F-11D3-BF4B-00C04F79EFBC}") = "Assembly-CSharp", "Assembly-CSharp.csproj", "{7D85C362-DFD5-216A-C766-9092745EBA69}"
EndProject
Project("{FAE04EC0-301F-11D3-BF4B-00C04F79EFBC}") = "Oculus.Spatializer", "Oculus.Spatializer.csproj", "{EC04486A-D2EA-E37D-BF53-7E8C2EB27481}"
EndProject
Project("{FAE04EC0-301F-11D3-BF4B-00C04F79EFBC}") = "Oculus.Interaction", "Oculus.Interaction.csproj", "{A3FC0515-191F-3754-DAF2-1AB9EDCC58FD}"
EndProject
Project("{FAE04EC0-301F-11D3-BF4B-00C04F79EFBC}") = "Facebook.WitAI", "Facebook.WitAI.csproj", "{7C8DA20D-533D-F3AD-1E4F-2A633CF9A78F}"
EndProject
Project("{FAE04EC0-301F-11D3-BF4B-00C04F79EFBC}") = "Oculus.VR", "Oculus.VR.csproj", "{7EBCD037-396C-6821-08E4-ED8061F4C736}"
EndProject
Project("{FAE04EC0-301F-11D3-BF4B-00C04F79EFBC}") = "Oculus.Interaction.Samples", "Oculus.Interaction.Samples.csproj", "{924DE95F-7432-1CC9-244E-1D2EDC54C91A}"
EndProject
Project("{FAE04EC0-301F-11D3-BF4B-00C04F79EFBC}") = "VoiceSDK.Dictation.Runtime", "VoiceSDK.Dictation.Runtime.csproj", "{A65FD3D3-30C8-A9B8-65DA-EA07650F6EC6}"
EndProject
Project("{FAE04EC0-301F-11D3-BF4B-00C04F79EFBC}") = "Facebook.Wit.TTS", "Facebook.Wit.TTS.csproj", "{F0E7C7F5-8718-C17A-EBE8-1969C0B7AD2B}"
EndProject
Project("{FAE04EC0-301F-11D3-BF4B-00C04F79EFBC}") = "Oculus.AudioManager", "Oculus.AudioManager.csproj", "{B057415F-48C7-904A-5C3C-EF66E9682A58}"
EndProject
Project("{FAE04EC0-301F-11D3-BF4B-00C04F79EFBC}") = "VoiceSDK.Runtime", "VoiceSDK.Runtime.csproj", "{CE82A0B3-45E5-921A-75B1-485843012E47}"
EndProject
Project("{FAE04EC0-301F-11D3-BF4B-00C04F79EFBC}") = "Facebook.Wit.Dictation", "Facebook.Wit.Dictation.csproj", "{C9128EFF-498C-81EA-8104-90AC9B61A532}"
EndProject
Project("{FAE04EC0-301F-11D3-BF4B-00C04F79EFBC}") = "Oculus.Voice.Demo", "Oculus.Voice.Demo.csproj", "{6772EAD9-23C4-2FCC-F396-B26A667E17BE}"
EndProject
Project("{FAE04EC0-301F-11D3-BF4B-00C04F79EFBC}") = "AssistantCoreSDKRuntime", "AssistantCoreSDKRuntime.csproj", "{EEA100D4-D4F7-BF00-10DC-BFFBB5A54F48}"
EndProject
Project("{FAE04EC0-301F-11D3-BF4B-00C04F79EFBC}") = "LitJson", "LitJson.csproj", "{51E806E9-1BDB-C487-D3CA-B0A5A46D0144}"
EndProject
Project("{FAE04EC0-301F-11D3-BF4B-00C04F79EFBC}") = "Oculus.LipSync", "Oculus.LipSync.csproj", "{4914C1C1-CBAC-4856-95A1-4E9C5D849BF5}"
EndProject
Project("{FAE04EC0-301F-11D3-BF4B-00C04F79EFBC}") = "Facebook.Wit.TTS.Samples", "Facebook.Wit.TTS.Samples.csproj", "{77CEC43A-2F75-B2A5-1857-3C4F1158D552}"
EndProject
Project("{FAE04EC0-301F-11D3-BF4B-00C04F79EFBC}") = "Facebook.Wit.Editor", "Facebook.Wit.Editor.csproj", "{31883484-1290-8BD6-6066-3561C98D8223}"
EndProject
Project("{FAE04EC0-301F-11D3-BF4B-00C04F79EFBC}") = "Oculus.Interaction.Editor", "Oculus.Interaction.Editor.csproj", "{DCBE809E-E990-E48F-3F6B-59104BCCED49}"
EndProject
Project("{FAE04EC0-301F-11D3-BF4B-00C04F79EFBC}") = "Facebook.Wit.Conduit.Editor", "Facebook.Wit.Conduit.Editor.csproj", "{E2C7F46E-7B2C-9ABE-1623-78EFE18B7CF2}"
EndProject
Project("{FAE04EC0-301F-11D3-BF4B-00C04F79EFBC}") = "Assembly-CSharp-Editor", "Assembly-CSharp-Editor.csproj", "{94F2EF84-6B9F-7DE8-4F92-AEF00F42C935}"
EndProject
Project("{FAE04EC0-301F-11D3-BF4B-00C04F79EFBC}") = "Oculus.Interaction.Samples.Editor", "Oculus.Interaction.Samples.Editor.csproj", "{EE2EBCA6-C93B-7DEC-87EE-F3C8C0924CE2}"
EndProject
Project("{FAE04EC0-301F-11D3-BF4B-00C04F79EFBC}") = "Oculus.VR.Editor", "Oculus.VR.Editor.csproj", "{F07885E2-0D0C-D00C-FEBF-FC82ED51AB2B}"
EndProject
Project("{FAE04EC0-301F-11D3-BF4B-00C04F79EFBC}") = "VoiceSDK.Editor", "VoiceSDK.Editor.csproj", "{F2A1A627-5C23-8B69-B69D-8CE13A75AFDB}"
EndProject
Project("{FAE04EC0-301F-11D3-BF4B-00C04F79EFBC}") = "Facebook.Wit.TTS.Editor", "Facebook.Wit.TTS.Editor.csproj", "{BC0A8E64-AC2C-8160-2E99-F8810064DE03}"
EndProject
Project("{FAE04EC0-301F-11D3-BF4B-00C04F79EFBC}") = "VoiceSDK.Dictation.Editor", "VoiceSDK.Dictation.Editor.csproj", "{BF9D0093-B325-F88C-A096-490575D5683F}"
EndProject
Project("{FAE04EC0-301F-11D3-BF4B-00C04F79EFBC}") = "Oculus.Platform.Editor", "Oculus.Platform.Editor.csproj", "{BF5FDA3A-83AB-00E4-DEE0-BF482B9FBD84}"
EndProject
Project("{FAE04EC0-301F-11D3-BF4B-00C04F79EFBC}") = "Oculus.Spatializer.Editor", "Oculus.Spatializer.Editor.csproj", "{499EA257-40A2-7F9F-F642-0FA8314B968A}"
EndProject
Project("{FAE04EC0-301F-11D3-BF4B-00C04F79EFBC}") = "Oculus.AudioManager.Audio.Editor", "Oculus.AudioManager.Audio.Editor.csproj", "{C0C89C52-9ED7-DF31-5A64-15500E061BF4}"
EndProject
Project("{FAE04EC0-301F-11D3-BF4B-00C04F79EFBC}") = "Oculus.Interaction.InterfaceSupport", "Oculus.Interaction.InterfaceSupport.csproj", "{BF54203D-3F7C-58CC-40CC-C761858AF91D}"
EndProject
Project("{FAE04EC0-301F-11D3-BF4B-00C04F79EFBC}") = "Oculus.VR.Scripts.Editor", "Oculus.VR.Scripts.Editor.csproj", "{0E7FFC89-4D36-249A-0719-790539B12433}"
EndProject
Project("{FAE04EC0-301F-11D3-BF4B-00C04F79EFBC}") = "Oculus.LipSync.Editor", "Oculus.LipSync.Editor.csproj", "{A20A6371-30FE-7D1E-5C96-35D87BFAE0C2}"
EndProject
Project("{FAE04EC0-301F-11D3-BF4B-00C04F79EFBC}") = "AssistantCoreSDKEditor", "AssistantCoreSDKEditor.csproj", "{4E7D75A4-6A3A-C5CF-C92D-DD17EF81360C}"
EndProject
Project("{FAE04EC0-301F-11D3-BF4B-00C04F79EFBC}") = "Oculus.AudioManager.Utils.Editor", "Oculus.AudioManager.Utils.Editor.csproj", "{3EB0BB5C-8572-7B59-C785-56B5F714B619}"
EndProject
Global
	GlobalSection(SolutionConfigurationPlatforms) = preSolution
		Debug|Any CPU = Debug|Any CPU
		Release|Any CPU = Release|Any CPU
	EndGlobalSection
	GlobalSection(ProjectConfigurationPlatforms) = postSolution
		{DAA2331D-F0B7-6C5B-A9D1-59EE6A0E4470}.Debug|Any CPU.ActiveCfg = Debug|Any CPU
		{DAA2331D-F0B7-6C5B-A9D1-59EE6A0E4470}.Debug|Any CPU.Build.0 = Debug|Any CPU
		{DAA2331D-F0B7-6C5B-A9D1-59EE6A0E4470}.Release|Any CPU.ActiveCfg = Release|Any CPU
		{DAA2331D-F0B7-6C5B-A9D1-59EE6A0E4470}.Release|Any CPU.Build.0 = Release|Any CPU
		{1C34E3BF-6E65-2837-8688-B39E5C2D502C}.Debug|Any CPU.ActiveCfg = Debug|Any CPU
		{1C34E3BF-6E65-2837-8688-B39E5C2D502C}.Debug|Any CPU.Build.0 = Debug|Any CPU
		{1C34E3BF-6E65-2837-8688-B39E5C2D502C}.Release|Any CPU.ActiveCfg = Release|Any CPU
		{1C34E3BF-6E65-2837-8688-B39E5C2D502C}.Release|Any CPU.Build.0 = Release|Any CPU
		{7D85C362-DFD5-216A-C766-9092745EBA69}.Debug|Any CPU.ActiveCfg = Debug|Any CPU
		{7D85C362-DFD5-216A-C766-9092745EBA69}.Debug|Any CPU.Build.0 = Debug|Any CPU
		{7D85C362-DFD5-216A-C766-9092745EBA69}.Release|Any CPU.ActiveCfg = Release|Any CPU
		{7D85C362-DFD5-216A-C766-9092745EBA69}.Release|Any CPU.Build.0 = Release|Any CPU
		{EC04486A-D2EA-E37D-BF53-7E8C2EB27481}.Debug|Any CPU.ActiveCfg = Debug|Any CPU
		{EC04486A-D2EA-E37D-BF53-7E8C2EB27481}.Debug|Any CPU.Build.0 = Debug|Any CPU
		{EC04486A-D2EA-E37D-BF53-7E8C2EB27481}.Release|Any CPU.ActiveCfg = Release|Any CPU
		{EC04486A-D2EA-E37D-BF53-7E8C2EB27481}.Release|Any CPU.Build.0 = Release|Any CPU
		{A3FC0515-191F-3754-DAF2-1AB9EDCC58FD}.Debug|Any CPU.ActiveCfg = Debug|Any CPU
		{A3FC0515-191F-3754-DAF2-1AB9EDCC58FD}.Debug|Any CPU.Build.0 = Debug|Any CPU
		{A3FC0515-191F-3754-DAF2-1AB9EDCC58FD}.Release|Any CPU.ActiveCfg = Release|Any CPU
		{A3FC0515-191F-3754-DAF2-1AB9EDCC58FD}.Release|Any CPU.Build.0 = Release|Any CPU
		{7C8DA20D-533D-F3AD-1E4F-2A633CF9A78F}.Debug|Any CPU.ActiveCfg = Debug|Any CPU
		{7C8DA20D-533D-F3AD-1E4F-2A633CF9A78F}.Debug|Any CPU.Build.0 = Debug|Any CPU
		{7C8DA20D-533D-F3AD-1E4F-2A633CF9A78F}.Release|Any CPU.ActiveCfg = Release|Any CPU
		{7C8DA20D-533D-F3AD-1E4F-2A633CF9A78F}.Release|Any CPU.Build.0 = Release|Any CPU
		{7EBCD037-396C-6821-08E4-ED8061F4C736}.Debug|Any CPU.ActiveCfg = Debug|Any CPU
		{7EBCD037-396C-6821-08E4-ED8061F4C736}.Debug|Any CPU.Build.0 = Debug|Any CPU
		{7EBCD037-396C-6821-08E4-ED8061F4C736}.Release|Any CPU.ActiveCfg = Release|Any CPU
		{7EBCD037-396C-6821-08E4-ED8061F4C736}.Release|Any CPU.Build.0 = Release|Any CPU
		{924DE95F-7432-1CC9-244E-1D2EDC54C91A}.Debug|Any CPU.ActiveCfg = Debug|Any CPU
		{924DE95F-7432-1CC9-244E-1D2EDC54C91A}.Debug|Any CPU.Build.0 = Debug|Any CPU
		{924DE95F-7432-1CC9-244E-1D2EDC54C91A}.Release|Any CPU.ActiveCfg = Release|Any CPU
		{924DE95F-7432-1CC9-244E-1D2EDC54C91A}.Release|Any CPU.Build.0 = Release|Any CPU
		{A65FD3D3-30C8-A9B8-65DA-EA07650F6EC6}.Debug|Any CPU.ActiveCfg = Debug|Any CPU
		{A65FD3D3-30C8-A9B8-65DA-EA07650F6EC6}.Debug|Any CPU.Build.0 = Debug|Any CPU
		{A65FD3D3-30C8-A9B8-65DA-EA07650F6EC6}.Release|Any CPU.ActiveCfg = Release|Any CPU
		{A65FD3D3-30C8-A9B8-65DA-EA07650F6EC6}.Release|Any CPU.Build.0 = Release|Any CPU
		{F0E7C7F5-8718-C17A-EBE8-1969C0B7AD2B}.Debug|Any CPU.ActiveCfg = Debug|Any CPU
		{F0E7C7F5-8718-C17A-EBE8-1969C0B7AD2B}.Debug|Any CPU.Build.0 = Debug|Any CPU
		{F0E7C7F5-8718-C17A-EBE8-1969C0B7AD2B}.Release|Any CPU.ActiveCfg = Release|Any CPU
		{F0E7C7F5-8718-C17A-EBE8-1969C0B7AD2B}.Release|Any CPU.Build.0 = Release|Any CPU
		{B057415F-48C7-904A-5C3C-EF66E9682A58}.Debug|Any CPU.ActiveCfg = Debug|Any CPU
		{B057415F-48C7-904A-5C3C-EF66E9682A58}.Debug|Any CPU.Build.0 = Debug|Any CPU
		{B057415F-48C7-904A-5C3C-EF66E9682A58}.Release|Any CPU.ActiveCfg = Release|Any CPU
		{B057415F-48C7-904A-5C3C-EF66E9682A58}.Release|Any CPU.Build.0 = Release|Any CPU
		{CE82A0B3-45E5-921A-75B1-485843012E47}.Debug|Any CPU.ActiveCfg = Debug|Any CPU
		{CE82A0B3-45E5-921A-75B1-485843012E47}.Debug|Any CPU.Build.0 = Debug|Any CPU
		{CE82A0B3-45E5-921A-75B1-485843012E47}.Release|Any CPU.ActiveCfg = Release|Any CPU
		{CE82A0B3-45E5-921A-75B1-485843012E47}.Release|Any CPU.Build.0 = Release|Any CPU
		{C9128EFF-498C-81EA-8104-90AC9B61A532}.Debug|Any CPU.ActiveCfg = Debug|Any CPU
		{C9128EFF-498C-81EA-8104-90AC9B61A532}.Debug|Any CPU.Build.0 = Debug|Any CPU
		{C9128EFF-498C-81EA-8104-90AC9B61A532}.Release|Any CPU.ActiveCfg = Release|Any CPU
		{C9128EFF-498C-81EA-8104-90AC9B61A532}.Release|Any CPU.Build.0 = Release|Any CPU
		{6772EAD9-23C4-2FCC-F396-B26A667E17BE}.Debug|Any CPU.ActiveCfg = Debug|Any CPU
		{6772EAD9-23C4-2FCC-F396-B26A667E17BE}.Debug|Any CPU.Build.0 = Debug|Any CPU
		{6772EAD9-23C4-2FCC-F396-B26A667E17BE}.Release|Any CPU.ActiveCfg = Release|Any CPU
		{6772EAD9-23C4-2FCC-F396-B26A667E17BE}.Release|Any CPU.Build.0 = Release|Any CPU
		{EEA100D4-D4F7-BF00-10DC-BFFBB5A54F48}.Debug|Any CPU.ActiveCfg = Debug|Any CPU
		{EEA100D4-D4F7-BF00-10DC-BFFBB5A54F48}.Debug|Any CPU.Build.0 = Debug|Any CPU
		{EEA100D4-D4F7-BF00-10DC-BFFBB5A54F48}.Release|Any CPU.ActiveCfg = Release|Any CPU
		{EEA100D4-D4F7-BF00-10DC-BFFBB5A54F48}.Release|Any CPU.Build.0 = Release|Any CPU
		{51E806E9-1BDB-C487-D3CA-B0A5A46D0144}.Debug|Any CPU.ActiveCfg = Debug|Any CPU
		{51E806E9-1BDB-C487-D3CA-B0A5A46D0144}.Debug|Any CPU.Build.0 = Debug|Any CPU
		{51E806E9-1BDB-C487-D3CA-B0A5A46D0144}.Release|Any CPU.ActiveCfg = Release|Any CPU
		{51E806E9-1BDB-C487-D3CA-B0A5A46D0144}.Release|Any CPU.Build.0 = Release|Any CPU
		{4914C1C1-CBAC-4856-95A1-4E9C5D849BF5}.Debug|Any CPU.ActiveCfg = Debug|Any CPU
		{4914C1C1-CBAC-4856-95A1-4E9C5D849BF5}.Debug|Any CPU.Build.0 = Debug|Any CPU
		{4914C1C1-CBAC-4856-95A1-4E9C5D849BF5}.Release|Any CPU.ActiveCfg = Release|Any CPU
		{4914C1C1-CBAC-4856-95A1-4E9C5D849BF5}.Release|Any CPU.Build.0 = Release|Any CPU
		{77CEC43A-2F75-B2A5-1857-3C4F1158D552}.Debug|Any CPU.ActiveCfg = Debug|Any CPU
		{77CEC43A-2F75-B2A5-1857-3C4F1158D552}.Debug|Any CPU.Build.0 = Debug|Any CPU
		{77CEC43A-2F75-B2A5-1857-3C4F1158D552}.Release|Any CPU.ActiveCfg = Release|Any CPU
		{77CEC43A-2F75-B2A5-1857-3C4F1158D552}.Release|Any CPU.Build.0 = Release|Any CPU
		{31883484-1290-8BD6-6066-3561C98D8223}.Debug|Any CPU.ActiveCfg = Debug|Any CPU
		{31883484-1290-8BD6-6066-3561C98D8223}.Debug|Any CPU.Build.0 = Debug|Any CPU
		{31883484-1290-8BD6-6066-3561C98D8223}.Release|Any CPU.ActiveCfg = Release|Any CPU
		{31883484-1290-8BD6-6066-3561C98D8223}.Release|Any CPU.Build.0 = Release|Any CPU
		{DCBE809E-E990-E48F-3F6B-59104BCCED49}.Debug|Any CPU.ActiveCfg = Debug|Any CPU
		{DCBE809E-E990-E48F-3F6B-59104BCCED49}.Debug|Any CPU.Build.0 = Debug|Any CPU
		{DCBE809E-E990-E48F-3F6B-59104BCCED49}.Release|Any CPU.ActiveCfg = Release|Any CPU
		{DCBE809E-E990-E48F-3F6B-59104BCCED49}.Release|Any CPU.Build.0 = Release|Any CPU
		{E2C7F46E-7B2C-9ABE-1623-78EFE18B7CF2}.Debug|Any CPU.ActiveCfg = Debug|Any CPU
		{E2C7F46E-7B2C-9ABE-1623-78EFE18B7CF2}.Debug|Any CPU.Build.0 = Debug|Any CPU
		{E2C7F46E-7B2C-9ABE-1623-78EFE18B7CF2}.Release|Any CPU.ActiveCfg = Release|Any CPU
		{E2C7F46E-7B2C-9ABE-1623-78EFE18B7CF2}.Release|Any CPU.Build.0 = Release|Any CPU
		{94F2EF84-6B9F-7DE8-4F92-AEF00F42C935}.Debug|Any CPU.ActiveCfg = Debug|Any CPU
		{94F2EF84-6B9F-7DE8-4F92-AEF00F42C935}.Debug|Any CPU.Build.0 = Debug|Any CPU
		{94F2EF84-6B9F-7DE8-4F92-AEF00F42C935}.Release|Any CPU.ActiveCfg = Release|Any CPU
		{94F2EF84-6B9F-7DE8-4F92-AEF00F42C935}.Release|Any CPU.Build.0 = Release|Any CPU
		{EE2EBCA6-C93B-7DEC-87EE-F3C8C0924CE2}.Debug|Any CPU.ActiveCfg = Debug|Any CPU
		{EE2EBCA6-C93B-7DEC-87EE-F3C8C0924CE2}.Debug|Any CPU.Build.0 = Debug|Any CPU
		{EE2EBCA6-C93B-7DEC-87EE-F3C8C0924CE2}.Release|Any CPU.ActiveCfg = Release|Any CPU
		{EE2EBCA6-C93B-7DEC-87EE-F3C8C0924CE2}.Release|Any CPU.Build.0 = Release|Any CPU
		{F07885E2-0D0C-D00C-FEBF-FC82ED51AB2B}.Debug|Any CPU.ActiveCfg = Debug|Any CPU
		{F07885E2-0D0C-D00C-FEBF-FC82ED51AB2B}.Debug|Any CPU.Build.0 = Debug|Any CPU
		{F07885E2-0D0C-D00C-FEBF-FC82ED51AB2B}.Release|Any CPU.ActiveCfg = Release|Any CPU
		{F07885E2-0D0C-D00C-FEBF-FC82ED51AB2B}.Release|Any CPU.Build.0 = Release|Any CPU
		{F2A1A627-5C23-8B69-B69D-8CE13A75AFDB}.Debug|Any CPU.ActiveCfg = Debug|Any CPU
		{F2A1A627-5C23-8B69-B69D-8CE13A75AFDB}.Debug|Any CPU.Build.0 = Debug|Any CPU
		{F2A1A627-5C23-8B69-B69D-8CE13A75AFDB}.Release|Any CPU.ActiveCfg = Release|Any CPU
		{F2A1A627-5C23-8B69-B69D-8CE13A75AFDB}.Release|Any CPU.Build.0 = Release|Any CPU
		{BC0A8E64-AC2C-8160-2E99-F8810064DE03}.Debug|Any CPU.ActiveCfg = Debug|Any CPU
		{BC0A8E64-AC2C-8160-2E99-F8810064DE03}.Debug|Any CPU.Build.0 = Debug|Any CPU
		{BC0A8E64-AC2C-8160-2E99-F8810064DE03}.Release|Any CPU.ActiveCfg = Release|Any CPU
		{BC0A8E64-AC2C-8160-2E99-F8810064DE03}.Release|Any CPU.Build.0 = Release|Any CPU
		{BF9D0093-B325-F88C-A096-490575D5683F}.Debug|Any CPU.ActiveCfg = Debug|Any CPU
		{BF9D0093-B325-F88C-A096-490575D5683F}.Debug|Any CPU.Build.0 = Debug|Any CPU
		{BF9D0093-B325-F88C-A096-490575D5683F}.Release|Any CPU.ActiveCfg = Release|Any CPU
		{BF9D0093-B325-F88C-A096-490575D5683F}.Release|Any CPU.Build.0 = Release|Any CPU
		{BF5FDA3A-83AB-00E4-DEE0-BF482B9FBD84}.Debug|Any CPU.ActiveCfg = Debug|Any CPU
		{BF5FDA3A-83AB-00E4-DEE0-BF482B9FBD84}.Debug|Any CPU.Build.0 = Debug|Any CPU
		{BF5FDA3A-83AB-00E4-DEE0-BF482B9FBD84}.Release|Any CPU.ActiveCfg = Release|Any CPU
		{BF5FDA3A-83AB-00E4-DEE0-BF482B9FBD84}.Release|Any CPU.Build.0 = Release|Any CPU
		{499EA257-40A2-7F9F-F642-0FA8314B968A}.Debug|Any CPU.ActiveCfg = Debug|Any CPU
		{499EA257-40A2-7F9F-F642-0FA8314B968A}.Debug|Any CPU.Build.0 = Debug|Any CPU
		{499EA257-40A2-7F9F-F642-0FA8314B968A}.Release|Any CPU.ActiveCfg = Release|Any CPU
		{499EA257-40A2-7F9F-F642-0FA8314B968A}.Release|Any CPU.Build.0 = Release|Any CPU
		{C0C89C52-9ED7-DF31-5A64-15500E061BF4}.Debug|Any CPU.ActiveCfg = Debug|Any CPU
		{C0C89C52-9ED7-DF31-5A64-15500E061BF4}.Debug|Any CPU.Build.0 = Debug|Any CPU
		{C0C89C52-9ED7-DF31-5A64-15500E061BF4}.Release|Any CPU.ActiveCfg = Release|Any CPU
		{C0C89C52-9ED7-DF31-5A64-15500E061BF4}.Release|Any CPU.Build.0 = Release|Any CPU
		{BF54203D-3F7C-58CC-40CC-C761858AF91D}.Debug|Any CPU.ActiveCfg = Debug|Any CPU
		{BF54203D-3F7C-58CC-40CC-C761858AF91D}.Debug|Any CPU.Build.0 = Debug|Any CPU
		{BF54203D-3F7C-58CC-40CC-C761858AF91D}.Release|Any CPU.ActiveCfg = Release|Any CPU
		{BF54203D-3F7C-58CC-40CC-C761858AF91D}.Release|Any CPU.Build.0 = Release|Any CPU
		{0E7FFC89-4D36-249A-0719-790539B12433}.Debug|Any CPU.ActiveCfg = Debug|Any CPU
		{0E7FFC89-4D36-249A-0719-790539B12433}.Debug|Any CPU.Build.0 = Debug|Any CPU
		{0E7FFC89-4D36-249A-0719-790539B12433}.Release|Any CPU.ActiveCfg = Release|Any CPU
		{0E7FFC89-4D36-249A-0719-790539B12433}.Release|Any CPU.Build.0 = Release|Any CPU
		{A20A6371-30FE-7D1E-5C96-35D87BFAE0C2}.Debug|Any CPU.ActiveCfg = Debug|Any CPU
		{A20A6371-30FE-7D1E-5C96-35D87BFAE0C2}.Debug|Any CPU.Build.0 = Debug|Any CPU
		{A20A6371-30FE-7D1E-5C96-35D87BFAE0C2}.Release|Any CPU.ActiveCfg = Release|Any CPU
		{A20A6371-30FE-7D1E-5C96-35D87BFAE0C2}.Release|Any CPU.Build.0 = Release|Any CPU
		{4E7D75A4-6A3A-C5CF-C92D-DD17EF81360C}.Debug|Any CPU.ActiveCfg = Debug|Any CPU
		{4E7D75A4-6A3A-C5CF-C92D-DD17EF81360C}.Debug|Any CPU.Build.0 = Debug|Any CPU
		{4E7D75A4-6A3A-C5CF-C92D-DD17EF81360C}.Release|Any CPU.ActiveCfg = Release|Any CPU
		{4E7D75A4-6A3A-C5CF-C92D-DD17EF81360C}.Release|Any CPU.Build.0 = Release|Any CPU
		{3EB0BB5C-8572-7B59-C785-56B5F714B619}.Debug|Any CPU.ActiveCfg = Debug|Any CPU
		{3EB0BB5C-8572-7B59-C785-56B5F714B619}.Debug|Any CPU.Build.0 = Debug|Any CPU
		{3EB0BB5C-8572-7B59-C785-56B5F714B619}.Release|Any CPU.ActiveCfg = Release|Any CPU
		{3EB0BB5C-8572-7B59-C785-56B5F714B619}.Release|Any CPU.Build.0 = Release|Any CPU
	EndGlobalSection
	GlobalSection(SolutionProperties) = preSolution
		HideSolutionNode = FALSE
	EndGlobalSection
EndGlobal
